
Microsoft Visual Studio Solution File, Format Version 12.00
# Visual Studio 15
VisualStudioVersion = 15.0.28307.168
MinimumVisualStudioVersion = 10.0.40219.1
Project("{FAE04EC0-301F-11D3-BF4B-00C04F79EFBC}") = "CSharpWebDemo", "CSharpWebDemo\CSharpWebDemo.csproj", "{E71985B2-DED0-476B-9257-5381E64ECC38}"
EndProject
Global
	GlobalSection(SolutionConfigurationPlatforms) = preSolution
		Debug|Any CPU = Debug|Any CPU
		Release|Any CPU = Release|Any CPU
	EndGlobalSection
	GlobalSection(ProjectConfigurationPlatforms) = postSolution
		{E71985B2-DED0-476B-9257-5381E64ECC38}.Debug|Any CPU.ActiveCfg = Debug|Any CPU
		{E71985B2-DED0-476B-9257-5381E64ECC38}.Debug|Any CPU.Build.0 = Debug|Any CPU
		{E71985B2-DED0-476B-9257-5381E64ECC38}.Release|Any CPU.ActiveCfg = Release|Any CPU
		{E71985B2-DED0-476B-9257-5381E64ECC38}.Release|Any CPU.Build.0 = Release|Any CPU
	EndGlobalSection
	GlobalSection(SolutionProperties) = preSolution
		HideSolutionNode = FALSE
	EndGlobalSection
	GlobalSection(ExtensibilityGlobals) = postSolution
		SolutionGuid = {56A90014-12D9-4EDB-9D20-362087B3034E}
	EndGlobalSection
EndGlobal
